// !$*UTF8*$!
{
	archiveVersion = 1;
	classes = {
	};
	objectVersion = 46;
	objects = {

/* Begin PBXBuildFile section */
		855300E31EDE22260020E3BC /* NetworkApi.swift in Sources */ = {isa = PBXBuildFile; fileRef = 855300E21EDE22260020E3BC /* NetworkApi.swift */; };
		855300E61EDE51070020E3BC /* CitiesMapViewController.swift in Sources */ = {isa = PBXBuildFile; fileRef = 855300E51EDE51070020E3BC /* CitiesMapViewController.swift */; };
		85563DD91EDB0FE100722B6B /* AppDelegate.swift in Sources */ = {isa = PBXBuildFile; fileRef = 85563DD81EDB0FE100722B6B /* AppDelegate.swift */; };
		85563DDE1EDB0FE100722B6B /* Main.storyboard in Resources */ = {isa = PBXBuildFile; fileRef = 85563DDC1EDB0FE100722B6B /* Main.storyboard */; };
		85563DE01EDB0FE200722B6B /* Assets.xcassets in Resources */ = {isa = PBXBuildFile; fileRef = 85563DDF1EDB0FE200722B6B /* Assets.xcassets */; };
		85563DE31EDB0FE200722B6B /* LaunchScreen.storyboard in Resources */ = {isa = PBXBuildFile; fileRef = 85563DE11EDB0FE200722B6B /* LaunchScreen.storyboard */; };
		85563DEB1EDB202A00722B6B /* CitiesTableViewController.swift in Sources */ = {isa = PBXBuildFile; fileRef = 85563DEA1EDB202A00722B6B /* CitiesTableViewController.swift */; };
		85563DED1EDB350000722B6B /* City.swift in Sources */ = {isa = PBXBuildFile; fileRef = 85563DEC1EDB350000722B6B /* City.swift */; };
		85563DEF1EDBC34500722B6B /* Coordinates.swift in Sources */ = {isa = PBXBuildFile; fileRef = 85563DEE1EDBC34500722B6B /* Coordinates.swift */; };
		85563DF11EDBC5B100722B6B /* Weather.swift in Sources */ = {isa = PBXBuildFile; fileRef = 85563DF01EDBC5B100722B6B /* Weather.swift */; };
		85563DF31EDBC82F00722B6B /* Tempeture.swift in Sources */ = {isa = PBXBuildFile; fileRef = 85563DF21EDBC82F00722B6B /* Tempeture.swift */; };
		855A5A831EDD2653009DE863 /* WeatherApiResponse.swift in Sources */ = {isa = PBXBuildFile; fileRef = 855A5A821EDD2653009DE863 /* WeatherApiResponse.swift */; };
		856244BB1EE07AF700027E4C /* Metric.swift in Sources */ = {isa = PBXBuildFile; fileRef = 856244BA1EE07AF700027E4C /* Metric.swift */; };
		856244BF1EE0D03B00027E4C /* RequestApi.swift in Sources */ = {isa = PBXBuildFile; fileRef = 856244BE1EE0D03B00027E4C /* RequestApi.swift */; };
		856244C11EE11B4300027E4C /* UserLocation.swift in Sources */ = {isa = PBXBuildFile; fileRef = 856244C01EE11B4300027E4C /* UserLocation.swift */; };
		858CC9661EDF7AB0001CACB5 /* CityTableViewCell.swift in Sources */ = {isa = PBXBuildFile; fileRef = 858CC9651EDF7AB0001CACB5 /* CityTableViewCell.swift */; };
		D3653B54F30004A643737101 /* Pods_LuizaWeather.framework in Frameworks */ = {isa = PBXBuildFile; fileRef = 5736367D87B53B1BDCD289FB /* Pods_LuizaWeather.framework */; };
/* End PBXBuildFile section */

/* Begin PBXFileReference section */
		2F8BB0496678F5E81B351541 /* Pods-LuizaWeather.release.xcconfig */ = {isa = PBXFileReference; includeInIndex = 1; lastKnownFileType = text.xcconfig; name = "Pods-LuizaWeather.release.xcconfig"; path = "Pods/Target Support Files/Pods-LuizaWeather/Pods-LuizaWeather.release.xcconfig"; sourceTree = "<group>"; };
		5736367D87B53B1BDCD289FB /* Pods_LuizaWeather.framework */ = {isa = PBXFileReference; explicitFileType = wrapper.framework; includeInIndex = 0; path = Pods_LuizaWeather.framework; sourceTree = BUILT_PRODUCTS_DIR; };
		855300E21EDE22260020E3BC /* NetworkApi.swift */ = {isa = PBXFileReference; fileEncoding = 4; lastKnownFileType = sourcecode.swift; path = NetworkApi.swift; sourceTree = "<group>"; };
		855300E51EDE51070020E3BC /* CitiesMapViewController.swift */ = {isa = PBXFileReference; fileEncoding = 4; lastKnownFileType = sourcecode.swift; path = CitiesMapViewController.swift; sourceTree = "<group>"; };
		85563DD51EDB0FE100722B6B /* LuizaWeather.app */ = {isa = PBXFileReference; explicitFileType = wrapper.application; includeInIndex = 0; path = LuizaWeather.app; sourceTree = BUILT_PRODUCTS_DIR; };
		85563DD81EDB0FE100722B6B /* AppDelegate.swift */ = {isa = PBXFileReference; lastKnownFileType = sourcecode.swift; path = AppDelegate.swift; sourceTree = "<group>"; };
		85563DDD1EDB0FE100722B6B /* Base */ = {isa = PBXFileReference; lastKnownFileType = file.storyboard; name = Base; path = Base.lproj/Main.storyboard; sourceTree = "<group>"; };
		85563DDF1EDB0FE200722B6B /* Assets.xcassets */ = {isa = PBXFileReference; lastKnownFileType = folder.assetcatalog; path = Assets.xcassets; sourceTree = "<group>"; };
		85563DE21EDB0FE200722B6B /* Base */ = {isa = PBXFileReference; lastKnownFileType = file.storyboard; name = Base; path = Base.lproj/LaunchScreen.storyboard; sourceTree = "<group>"; };
		85563DE41EDB0FE200722B6B /* Info.plist */ = {isa = PBXFileReference; lastKnownFileType = text.plist.xml; path = Info.plist; sourceTree = "<group>"; };
		85563DEA1EDB202A00722B6B /* CitiesTableViewController.swift */ = {isa = PBXFileReference; fileEncoding = 4; lastKnownFileType = sourcecode.swift; path = CitiesTableViewController.swift; sourceTree = "<group>"; };
		85563DEC1EDB350000722B6B /* City.swift */ = {isa = PBXFileReference; fileEncoding = 4; lastKnownFileType = sourcecode.swift; path = City.swift; sourceTree = "<group>"; };
		85563DEE1EDBC34500722B6B /* Coordinates.swift */ = {isa = PBXFileReference; fileEncoding = 4; lastKnownFileType = sourcecode.swift; path = Coordinates.swift; sourceTree = "<group>"; };
		85563DF01EDBC5B100722B6B /* Weather.swift */ = {isa = PBXFileReference; fileEncoding = 4; lastKnownFileType = sourcecode.swift; path = Weather.swift; sourceTree = "<group>"; };
		85563DF21EDBC82F00722B6B /* Tempeture.swift */ = {isa = PBXFileReference; fileEncoding = 4; lastKnownFileType = sourcecode.swift; path = Tempeture.swift; sourceTree = "<group>"; };
		855A5A821EDD2653009DE863 /* WeatherApiResponse.swift */ = {isa = PBXFileReference; fileEncoding = 4; lastKnownFileType = sourcecode.swift; path = WeatherApiResponse.swift; sourceTree = "<group>"; };
		856244BA1EE07AF700027E4C /* Metric.swift */ = {isa = PBXFileReference; fileEncoding = 4; lastKnownFileType = sourcecode.swift; path = Metric.swift; sourceTree = "<group>"; };
		856244BE1EE0D03B00027E4C /* RequestApi.swift */ = {isa = PBXFileReference; fileEncoding = 4; lastKnownFileType = sourcecode.swift; path = RequestApi.swift; sourceTree = "<group>"; };
		856244C01EE11B4300027E4C /* UserLocation.swift */ = {isa = PBXFileReference; fileEncoding = 4; lastKnownFileType = sourcecode.swift; path = UserLocation.swift; sourceTree = "<group>"; };
		858CC9651EDF7AB0001CACB5 /* CityTableViewCell.swift */ = {isa = PBXFileReference; fileEncoding = 4; lastKnownFileType = sourcecode.swift; path = CityTableViewCell.swift; sourceTree = "<group>"; };
		A5D57AF60A1DDBE7EE345A14 /* Pods-LuizaWeather.debug.xcconfig */ = {isa = PBXFileReference; includeInIndex = 1; lastKnownFileType = text.xcconfig; name = "Pods-LuizaWeather.debug.xcconfig"; path = "Pods/Target Support Files/Pods-LuizaWeather/Pods-LuizaWeather.debug.xcconfig"; sourceTree = "<group>"; };
/* End PBXFileReference section */

/* Begin PBXFrameworksBuildPhase section */
		85563DD21EDB0FE100722B6B /* Frameworks */ = {
			isa = PBXFrameworksBuildPhase;
			buildActionMask = 2147483647;
			files = (
				D3653B54F30004A643737101 /* Pods_LuizaWeather.framework in Frameworks */,
			);
			runOnlyForDeploymentPostprocessing = 0;
		};
/* End PBXFrameworksBuildPhase section */

/* Begin PBXGroup section */
		80C306A452851BFC32A802CD /* Frameworks */ = {
			isa = PBXGroup;
			children = (
				5736367D87B53B1BDCD289FB /* Pods_LuizaWeather.framework */,
			);
			name = Frameworks;
			sourceTree = "<group>";
		};
		855300E11EDE20E20020E3BC /* Models */ = {
			isa = PBXGroup;
			children = (
				855A5A821EDD2653009DE863 /* WeatherApiResponse.swift */,
				85563DF21EDBC82F00722B6B /* Tempeture.swift */,
				85563DEC1EDB350000722B6B /* City.swift */,
				85563DEE1EDBC34500722B6B /* Coordinates.swift */,
				85563DF01EDBC5B100722B6B /* Weather.swift */,
				856244BA1EE07AF700027E4C /* Metric.swift */,
				856244C01EE11B4300027E4C /* UserLocation.swift */,
			);
			name = Models;
			sourceTree = "<group>";
		};
		855300E41EDE23380020E3BC /* API */ = {
			isa = PBXGroup;
			children = (
				855300E21EDE22260020E3BC /* NetworkApi.swift */,
				856244BE1EE0D03B00027E4C /* RequestApi.swift */,
			);
			name = API;
			sourceTree = "<group>";
		};
		855300E71EDE51320020E3BC /* ViewControllers */ = {
			isa = PBXGroup;
			children = (
				855300E51EDE51070020E3BC /* CitiesMapViewController.swift */,
				85563DEA1EDB202A00722B6B /* CitiesTableViewController.swift */,
				858CC9651EDF7AB0001CACB5 /* CityTableViewCell.swift */,
			);
			name = ViewControllers;
			sourceTree = "<group>";
		};
		85563DCC1EDB0FE000722B6B = {
			isa = PBXGroup;
			children = (
				85563DD71EDB0FE100722B6B /* LuizaWeather */,
				85563DD61EDB0FE100722B6B /* Products */,
				F61A3832C568A35A5E2D7038 /* Pods */,
				80C306A452851BFC32A802CD /* Frameworks */,
			);
			sourceTree = "<group>";
		};
		85563DD61EDB0FE100722B6B /* Products */ = {
			isa = PBXGroup;
			children = (
				85563DD51EDB0FE100722B6B /* LuizaWeather.app */,
			);
			name = Products;
			sourceTree = "<group>";
		};
		85563DD71EDB0FE100722B6B /* LuizaWeather */ = {
			isa = PBXGroup;
			children = (
				85563DD81EDB0FE100722B6B /* AppDelegate.swift */,
				85563DDC1EDB0FE100722B6B /* Main.storyboard */,
				855300E71EDE51320020E3BC /* ViewControllers */,
				85563DDF1EDB0FE200722B6B /* Assets.xcassets */,
				85563DE11EDB0FE200722B6B /* LaunchScreen.storyboard */,
				85563DE41EDB0FE200722B6B /* Info.plist */,
				855300E41EDE23380020E3BC /* API */,
				855300E11EDE20E20020E3BC /* Models */,
			);
			path = LuizaWeather;
			sourceTree = "<group>";
		};
		F61A3832C568A35A5E2D7038 /* Pods */ = {
			isa = PBXGroup;
			children = (
				A5D57AF60A1DDBE7EE345A14 /* Pods-LuizaWeather.debug.xcconfig */,
				2F8BB0496678F5E81B351541 /* Pods-LuizaWeather.release.xcconfig */,
			);
			name = Pods;
			sourceTree = "<group>";
		};
/* End PBXGroup section */

/* Begin PBXNativeTarget section */
		85563DD41EDB0FE100722B6B /* LuizaWeather */ = {
			isa = PBXNativeTarget;
			buildConfigurationList = 85563DE71EDB0FE200722B6B /* Build configuration list for PBXNativeTarget "LuizaWeather" */;
			buildPhases = (
				DB97F78B1877B84235DE81B7 /* [CP] Check Pods Manifest.lock */,
				85563DD11EDB0FE100722B6B /* Sources */,
				85563DD21EDB0FE100722B6B /* Frameworks */,
				85563DD31EDB0FE100722B6B /* Resources */,
				EC30D4F1EC52A6185B521D79 /* [CP] Embed Pods Frameworks */,
				1DF242677519537B537BA0C0 /* [CP] Copy Pods Resources */,
			);
			buildRules = (
			);
			dependencies = (
			);
			name = LuizaWeather;
			productName = LuizaWeather;
			productReference = 85563DD51EDB0FE100722B6B /* LuizaWeather.app */;
			productType = "com.apple.product-type.application";
		};
/* End PBXNativeTarget section */

/* Begin PBXProject section */
		85563DCD1EDB0FE100722B6B /* Project object */ = {
			isa = PBXProject;
			attributes = {
				LastSwiftUpdateCheck = 0830;
				LastUpgradeCheck = 0830;
				ORGANIZATIONNAME = "Kako Botasso";
				TargetAttributes = {
					85563DD41EDB0FE100722B6B = {
						CreatedOnToolsVersion = 8.3.2;
						ProvisioningStyle = Automatic;
					};
				};
			};
			buildConfigurationList = 85563DD01EDB0FE100722B6B /* Build configuration list for PBXProject "LuizaWeather" */;
			compatibilityVersion = "Xcode 3.2";
			developmentRegion = English;
			hasScannedForEncodings = 0;
			knownRegions = (
				en,
				Base,
			);
			mainGroup = 85563DCC1EDB0FE000722B6B;
			productRefGroup = 85563DD61EDB0FE100722B6B /* Products */;
			projectDirPath = "";
			projectRoot = "";
			targets = (
				85563DD41EDB0FE100722B6B /* LuizaWeather */,
			);
		};
/* End PBXProject section */

/* Begin PBXResourcesBuildPhase section */
		85563DD31EDB0FE100722B6B /* Resources */ = {
			isa = PBXResourcesBuildPhase;
			buildActionMask = 2147483647;
			files = (
				85563DE31EDB0FE200722B6B /* LaunchScreen.storyboard in Resources */,
				85563DE01EDB0FE200722B6B /* Assets.xcassets in Resources */,
				85563DDE1EDB0FE100722B6B /* Main.storyboard in Resources */,
			);
			runOnlyForDeploymentPostprocessing = 0;
		};
/* End PBXResourcesBuildPhase section */

/* Begin PBXShellScriptBuildPhase section */
		1DF242677519537B537BA0C0 /* [CP] Copy Pods Resources */ = {
			isa = PBXShellScriptBuildPhase;
			buildActionMask = 2147483647;
			files = (
			);
			inputPaths = (
			);
			name = "[CP] Copy Pods Resources";
			outputPaths = (
			);
			runOnlyForDeploymentPostprocessing = 0;
			shellPath = /bin/sh;
			shellScript = "\"${SRCROOT}/Pods/Target Support Files/Pods-LuizaWeather/Pods-LuizaWeather-resources.sh\"\n";
			showEnvVarsInLog = 0;
		};
		DB97F78B1877B84235DE81B7 /* [CP] Check Pods Manifest.lock */ = {
			isa = PBXShellScriptBuildPhase;
			buildActionMask = 2147483647;
			files = (
			);
			inputPaths = (
			);
			name = "[CP] Check Pods Manifest.lock";
			outputPaths = (
			);
			runOnlyForDeploymentPostprocessing = 0;
			shellPath = /bin/sh;
			shellScript = "diff \"${PODS_ROOT}/../Podfile.lock\" \"${PODS_ROOT}/Manifest.lock\" > /dev/null\nif [ $? != 0 ] ; then\n    # print error to STDERR\n    echo \"error: The sandbox is not in sync with the Podfile.lock. Run 'pod install' or update your CocoaPods installation.\" >&2\n    exit 1\nfi\n";
			showEnvVarsInLog = 0;
		};
		EC30D4F1EC52A6185B521D79 /* [CP] Embed Pods Frameworks */ = {
			isa = PBXShellScriptBuildPhase;
			buildActionMask = 2147483647;
			files = (
			);
			inputPaths = (
			);
			name = "[CP] Embed Pods Frameworks";
			outputPaths = (
			);
			runOnlyForDeploymentPostprocessing = 0;
			shellPath = /bin/sh;
			shellScript = "\"${SRCROOT}/Pods/Target Support Files/Pods-LuizaWeather/Pods-LuizaWeather-frameworks.sh\"\n";
			showEnvVarsInLog = 0;
		};
/* End PBXShellScriptBuildPhase section */

/* Begin PBXSourcesBuildPhase section */
		85563DD11EDB0FE100722B6B /* Sources */ = {
			isa = PBXSourcesBuildPhase;
			buildActionMask = 2147483647;
			files = (
				855300E61EDE51070020E3BC /* CitiesMapViewController.swift in Sources */,
				85563DD91EDB0FE100722B6B /* AppDelegate.swift in Sources */,
				856244BF1EE0D03B00027E4C /* RequestApi.swift in Sources */,
				858CC9661EDF7AB0001CACB5 /* CityTableViewCell.swift in Sources */,
				85563DF31EDBC82F00722B6B /* Tempeture.swift in Sources */,
				856244C11EE11B4300027E4C /* UserLocation.swift in Sources */,
				85563DEB1EDB202A00722B6B /* CitiesTableViewController.swift in Sources */,
				85563DED1EDB350000722B6B /* City.swift in Sources */,
				85563DEF1EDBC34500722B6B /* Coordinates.swift in Sources */,
				856244BB1EE07AF700027E4C /* Metric.swift in Sources */,
				855A5A831EDD2653009DE863 /* WeatherApiResponse.swift in Sources */,
				85563DF11EDBC5B100722B6B /* Weather.swift in Sources */,
				855300E31EDE22260020E3BC /* NetworkApi.swift in Sources */,
			);
			runOnlyForDeploymentPostprocessing = 0;
		};
/* End PBXSourcesBuildPhase section */

/* Begin PBXVariantGroup section */
		85563DDC1EDB0FE100722B6B /* Main.storyboard */ = {
			isa = PBXVariantGroup;
			children = (
				85563DDD1EDB0FE100722B6B /* Base */,
			);
			name = Main.storyboard;
			sourceTree = "<group>";
		};
		85563DE11EDB0FE200722B6B /* LaunchScreen.storyboard */ = {
			isa = PBXVariantGroup;
			children = (
				85563DE21EDB0FE200722B6B /* Base */,
			);
			name = LaunchScreen.storyboard;
			sourceTree = "<group>";
		};
/* End PBXVariantGroup section */

/* Begin XCBuildConfiguration section */
		85563DE51EDB0FE200722B6B /* Debug */ = {
			isa = XCBuildConfiguration;
			buildSettings = {
				ALWAYS_SEARCH_USER_PATHS = NO;
				CLANG_ANALYZER_NONNULL = YES;
				CLANG_ANALYZER_NUMBER_OBJECT_CONVERSION = YES_AGGRESSIVE;
				CLANG_CXX_LANGUAGE_STANDARD = "gnu++0x";
				CLANG_CXX_LIBRARY = "libc++";
				CLANG_ENABLE_MODULES = YES;
				CLANG_ENABLE_OBJC_ARC = YES;
				CLANG_WARN_BOOL_CONVERSION = YES;
				CLANG_WARN_CONSTANT_CONVERSION = YES;
				CLANG_WARN_DIRECT_OBJC_ISA_USAGE = YES_ERROR;
				CLANG_WARN_DOCUMENTATION_COMMENTS = YES;
				CLANG_WARN_EMPTY_BODY = YES;
				CLANG_WARN_ENUM_CONVERSION = YES;
				CLANG_WARN_INFINITE_RECURSION = YES;
				CLANG_WARN_INT_CONVERSION = YES;
				CLANG_WARN_OBJC_ROOT_CLASS = YES_ERROR;
				CLANG_WARN_SUSPICIOUS_MOVE = YES;
				CLANG_WARN_UNREACHABLE_CODE = YES;
				CLANG_WARN__DUPLICATE_METHOD_MATCH = YES;
				"CODE_SIGN_IDENTITY[sdk=iphoneos*]" = "iPhone Developer";
				COPY_PHASE_STRIP = NO;
				DEBUG_INFORMATION_FORMAT = dwarf;
				ENABLE_STRICT_OBJC_MSGSEND = YES;
				ENABLE_TESTABILITY = YES;
				GCC_C_LANGUAGE_STANDARD = gnu99;
				GCC_DYNAMIC_NO_PIC = NO;
				GCC_NO_COMMON_BLOCKS = YES;
				GCC_OPTIMIZATION_LEVEL = 0;
				GCC_PREPROCESSOR_DEFINITIONS = (
					"DEBUG=1",
					"$(inherited)",
				);
				GCC_WARN_64_TO_32_BIT_CONVERSION = YES;
				GCC_WARN_ABOUT_RETURN_TYPE = YES_ERROR;
				GCC_WARN_UNDECLARED_SELECTOR = YES;
				GCC_WARN_UNINITIALIZED_AUTOS = YES_AGGRESSIVE;
				GCC_WARN_UNUSED_FUNCTION = YES;
				GCC_WARN_UNUSED_VARIABLE = YES;
				IPHONEOS_DEPLOYMENT_TARGET = 10.3;
				MTL_ENABLE_DEBUG_INFO = YES;
				ONLY_ACTIVE_ARCH = YES;
				SDKROOT = iphoneos;
				SWIFT_ACTIVE_COMPILATION_CONDITIONS = DEBUG;
				SWIFT_OPTIMIZATION_LEVEL = "-Onone";
				TARGETED_DEVICE_FAMILY = "1,2";
			};
			name = Debug;
		};
		85563DE61EDB0FE200722B6B /* Release */ = {
			isa = XCBuildConfiguration;
			buildSettings = {
				ALWAYS_SEARCH_USER_PATHS = NO;
				CLANG_ANALYZER_NONNULL = YES;
				CLANG_ANALYZER_NUMBER_OBJECT_CONVERSION = YES_AGGRESSIVE;
				CLANG_CXX_LANGUAGE_STANDARD = "gnu++0x";
				CLANG_CXX_LIBRARY = "libc++";
				CLANG_ENABLE_MODULES = YES;
				CLANG_ENABLE_OBJC_ARC = YES;
				CLANG_WARN_BOOL_CONVERSION = YES;
				CLANG_WARN_CONSTANT_CONVERSION = YES;
				CLANG_WARN_DIRECT_OBJC_ISA_USAGE = YES_ERROR;
				CLANG_WARN_DOCUMENTATION_COMMENTS = YES;
				CLANG_WARN_EMPTY_BODY = YES;
				CLANG_WARN_ENUM_CONVERSION = YES;
				CLANG_WARN_INFINITE_RECURSION = YES;
				CLANG_WARN_INT_CONVERSION = YES;
				CLANG_WARN_OBJC_ROOT_CLASS = YES_ERROR;
				CLANG_WARN_SUSPICIOUS_MOVE = YES;
				CLANG_WARN_UNREACHABLE_CODE = YES;
				CLANG_WARN__DUPLICATE_METHOD_MATCH = YES;
				"CODE_SIGN_IDENTITY[sdk=iphoneos*]" = "iPhone Developer";
				COPY_PHASE_STRIP = NO;
				DEBUG_INFORMATION_FORMAT = "dwarf-with-dsym";
				ENABLE_NS_ASSERTIONS = NO;
				ENABLE_STRICT_OBJC_MSGSEND = YES;
				GCC_C_LANGUAGE_STANDARD = gnu99;
				GCC_NO_COMMON_BLOCKS = YES;
				GCC_WARN_64_TO_32_BIT_CONVERSION = YES;
				GCC_WARN_ABOUT_RETURN_TYPE = YES_ERROR;
				GCC_WARN_UNDECLARED_SELECTOR = YES;
				GCC_WARN_UNINITIALIZED_AUTOS = YES_AGGRESSIVE;
				GCC_WARN_UNUSED_FUNCTION = YES;
				GCC_WARN_UNUSED_VARIABLE = YES;
				IPHONEOS_DEPLOYMENT_TARGET = 10.3;
				MTL_ENABLE_DEBUG_INFO = NO;
				SDKROOT = iphoneos;
				SWIFT_OPTIMIZATION_LEVEL = "-Owholemodule";
				TARGETED_DEVICE_FAMILY = "1,2";
				VALIDATE_PRODUCT = YES;
			};
			name = Release;
		};
		85563DE81EDB0FE200722B6B /* Debug */ = {
			isa = XCBuildConfiguration;
			baseConfigurationReference = A5D57AF60A1DDBE7EE345A14 /* Pods-LuizaWeather.debug.xcconfig */;
			buildSettings = {
				ASSETCATALOG_COMPILER_APPICON_NAME = AppIcon;
				INFOPLIST_FILE = LuizaWeather/Info.plist;
				LD_RUNPATH_SEARCH_PATHS = "$(inherited) @executable_path/Frameworks";
				PRODUCT_BUNDLE_IDENTIFIER = br.com.kakobotasso.LuizaWeather;
				PRODUCT_NAME = "$(TARGET_NAME)";
				SWIFT_VERSION = 3.0;
			};
			name = Debug;
		};
		85563DE91EDB0FE200722B6B /* Release */ = {
			isa = XCBuildConfiguration;
			baseConfigurationReference = 2F8BB0496678F5E81B351541 /* Pods-LuizaWeather.release.xcconfig */;
			buildSettings = {
				ASSETCATALOG_COMPILER_APPICON_NAME = AppIcon;
				INFOPLIST_FILE = LuizaWeather/Info.plist;
				LD_RUNPATH_SEARCH_PATHS = "$(inherited) @executable_path/Frameworks";
				PRODUCT_BUNDLE_IDENTIFIER = br.com.kakobotasso.LuizaWeather;
				PRODUCT_NAME = "$(TARGET_NAME)";
				SWIFT_VERSION = 3.0;
			};
			name = Release;
		};
/* End XCBuildConfiguration section */

/* Begin XCConfigurationList section */
		85563DD01EDB0FE100722B6B /* Build configuration list for PBXProject "LuizaWeather" */ = {
			isa = XCConfigurationList;
			buildConfigurations = (
				85563DE51EDB0FE200722B6B /* Debug */,
				85563DE61EDB0FE200722B6B /* Release */,
			);
			defaultConfigurationIsVisible = 0;
			defaultConfigurationName = Release;
		};
		85563DE71EDB0FE200722B6B /* Build configuration list for PBXNativeTarget "LuizaWeather" */ = {
			isa = XCConfigurationList;
			buildConfigurations = (
				85563DE81EDB0FE200722B6B /* Debug */,
				85563DE91EDB0FE200722B6B /* Release */,
			);
			defaultConfigurationIsVisible = 0;
			defaultConfigurationName = Release;
		};
/* End XCConfigurationList section */
	};
	rootObject = 85563DCD1EDB0FE100722B6B /* Project object */;
}
